
Microsoft Visual Studio Solution File, Format Version 12.00
# Visual Studio Version 17
VisualStudioVersion = 17.0.31919.166
MinimumVisualStudioVersion = 10.0.40219.1
Project("{9A19103F-16F7-4668-BE54-9A1E7A4F7556}") = "Day 01", "Day 1\Day 01.csproj", "{4D32A5F2-0847-4083-8D9E-629F9A2F1C22}"
EndProject
Project("{9A19103F-16F7-4668-BE54-9A1E7A4F7556}") = "Day 02", "Day 2\Day 02.csproj", "{B96FE9FF-0653-4938-A3E5-2402E5B9DDE7}"
EndProject
Project("{9A19103F-16F7-4668-BE54-9A1E7A4F7556}") = "Day 03", "Day 3\Day 3\Day 03.csproj", "{57E0402B-7540-4EC8-893D-7078BB51A9AD}"
EndProject
Project("{9A19103F-16F7-4668-BE54-9A1E7A4F7556}") = "Day 04", "Day 4\Day 04.csproj", "{084E461B-A6C4-4D9D-997F-E0D7D6D9FFD8}"
EndProject
Project("{9A19103F-16F7-4668-BE54-9A1E7A4F7556}") = "Day 05", "Day 5\Day 05.csproj", "{55D5D102-572D-4398-83C0-C61532E50AF6}"
EndProject
Project("{9A19103F-16F7-4668-BE54-9A1E7A4F7556}") = "Day 06", "Day 6\Day 06.csproj", "{7491BF7E-B356-4B3A-8E43-D218A18074F4}"
EndProject
Project("{9A19103F-16F7-4668-BE54-9A1E7A4F7556}") = "Day 07", "Day 7\Day 07.csproj", "{DCC2A6D3-84FE-4D2F-BE6D-0812F5FABCEE}"
EndProject
Project("{9A19103F-16F7-4668-BE54-9A1E7A4F7556}") = "Day 08", "Day 8\Day 08.csproj", "{C7EED277-2970-4CA8-AD6C-B8B0EAD97717}"
EndProject
Project("{9A19103F-16F7-4668-BE54-9A1E7A4F7556}") = "Day 09", "Day 9\Day 09.csproj", "{3A823661-370F-4DA9-860E-508DCD9A7CB3}"
EndProject
Project("{FAE04EC0-301F-11D3-BF4B-00C04F79EFBC}") = "Day 10", "Day 10\Day 10.csproj", "{7621065B-2DE2-4C09-B076-19564F5B88D2}"
EndProject
Global
	GlobalSection(SolutionConfigurationPlatforms) = preSolution
		Debug|Any CPU = Debug|Any CPU
		Release|Any CPU = Release|Any CPU
	EndGlobalSection
	GlobalSection(ProjectConfigurationPlatforms) = postSolution
		{4D32A5F2-0847-4083-8D9E-629F9A2F1C22}.Debug|Any CPU.ActiveCfg = Debug|Any CPU
		{4D32A5F2-0847-4083-8D9E-629F9A2F1C22}.Debug|Any CPU.Build.0 = Debug|Any CPU
		{4D32A5F2-0847-4083-8D9E-629F9A2F1C22}.Release|Any CPU.ActiveCfg = Release|Any CPU
		{4D32A5F2-0847-4083-8D9E-629F9A2F1C22}.Release|Any CPU.Build.0 = Release|Any CPU
		{B96FE9FF-0653-4938-A3E5-2402E5B9DDE7}.Debug|Any CPU.ActiveCfg = Debug|Any CPU
		{B96FE9FF-0653-4938-A3E5-2402E5B9DDE7}.Debug|Any CPU.Build.0 = Debug|Any CPU
		{B96FE9FF-0653-4938-A3E5-2402E5B9DDE7}.Release|Any CPU.ActiveCfg = Release|Any CPU
		{B96FE9FF-0653-4938-A3E5-2402E5B9DDE7}.Release|Any CPU.Build.0 = Release|Any CPU
		{57E0402B-7540-4EC8-893D-7078BB51A9AD}.Debug|Any CPU.ActiveCfg = Debug|Any CPU
		{57E0402B-7540-4EC8-893D-7078BB51A9AD}.Debug|Any CPU.Build.0 = Debug|Any CPU
		{57E0402B-7540-4EC8-893D-7078BB51A9AD}.Release|Any CPU.ActiveCfg = Release|Any CPU
		{57E0402B-7540-4EC8-893D-7078BB51A9AD}.Release|Any CPU.Build.0 = Release|Any CPU
		{084E461B-A6C4-4D9D-997F-E0D7D6D9FFD8}.Debug|Any CPU.ActiveCfg = Debug|Any CPU
		{084E461B-A6C4-4D9D-997F-E0D7D6D9FFD8}.Debug|Any CPU.Build.0 = Debug|Any CPU
		{084E461B-A6C4-4D9D-997F-E0D7D6D9FFD8}.Release|Any CPU.ActiveCfg = Release|Any CPU
		{084E461B-A6C4-4D9D-997F-E0D7D6D9FFD8}.Release|Any CPU.Build.0 = Release|Any CPU
		{55D5D102-572D-4398-83C0-C61532E50AF6}.Debug|Any CPU.ActiveCfg = Debug|Any CPU
		{55D5D102-572D-4398-83C0-C61532E50AF6}.Debug|Any CPU.Build.0 = Debug|Any CPU
		{55D5D102-572D-4398-83C0-C61532E50AF6}.Release|Any CPU.ActiveCfg = Release|Any CPU
		{55D5D102-572D-4398-83C0-C61532E50AF6}.Release|Any CPU.Build.0 = Release|Any CPU
		{7491BF7E-B356-4B3A-8E43-D218A18074F4}.Debug|Any CPU.ActiveCfg = Debug|Any CPU
		{7491BF7E-B356-4B3A-8E43-D218A18074F4}.Debug|Any CPU.Build.0 = Debug|Any CPU
		{7491BF7E-B356-4B3A-8E43-D218A18074F4}.Release|Any CPU.ActiveCfg = Release|Any CPU
		{7491BF7E-B356-4B3A-8E43-D218A18074F4}.Release|Any CPU.Build.0 = Release|Any CPU
		{DCC2A6D3-84FE-4D2F-BE6D-0812F5FABCEE}.Debug|Any CPU.ActiveCfg = Debug|Any CPU
		{DCC2A6D3-84FE-4D2F-BE6D-0812F5FABCEE}.Debug|Any CPU.Build.0 = Debug|Any CPU
		{DCC2A6D3-84FE-4D2F-BE6D-0812F5FABCEE}.Release|Any CPU.ActiveCfg = Release|Any CPU
		{DCC2A6D3-84FE-4D2F-BE6D-0812F5FABCEE}.Release|Any CPU.Build.0 = Release|Any CPU
		{C7EED277-2970-4CA8-AD6C-B8B0EAD97717}.Debug|Any CPU.ActiveCfg = Debug|Any CPU
		{C7EED277-2970-4CA8-AD6C-B8B0EAD97717}.Debug|Any CPU.Build.0 = Debug|Any CPU
		{C7EED277-2970-4CA8-AD6C-B8B0EAD97717}.Release|Any CPU.ActiveCfg = Release|Any CPU
		{C7EED277-2970-4CA8-AD6C-B8B0EAD97717}.Release|Any CPU.Build.0 = Release|Any CPU
		{3A823661-370F-4DA9-860E-508DCD9A7CB3}.Debug|Any CPU.ActiveCfg = Debug|Any CPU
		{3A823661-370F-4DA9-860E-508DCD9A7CB3}.Debug|Any CPU.Build.0 = Debug|Any CPU
		{3A823661-370F-4DA9-860E-508DCD9A7CB3}.Release|Any CPU.ActiveCfg = Release|Any CPU
		{3A823661-370F-4DA9-860E-508DCD9A7CB3}.Release|Any CPU.Build.0 = Release|Any CPU
		{7621065B-2DE2-4C09-B076-19564F5B88D2}.Debug|Any CPU.ActiveCfg = Debug|Any CPU
		{7621065B-2DE2-4C09-B076-19564F5B88D2}.Debug|Any CPU.Build.0 = Debug|Any CPU
		{7621065B-2DE2-4C09-B076-19564F5B88D2}.Release|Any CPU.ActiveCfg = Release|Any CPU
		{7621065B-2DE2-4C09-B076-19564F5B88D2}.Release|Any CPU.Build.0 = Release|Any CPU
	EndGlobalSection
	GlobalSection(SolutionProperties) = preSolution
		HideSolutionNode = FALSE
	EndGlobalSection
	GlobalSection(ExtensibilityGlobals) = postSolution
		SolutionGuid = {77CE6F70-C7F2-4926-BBFD-183141D11BF2}
	EndGlobalSection
EndGlobal
